
Microsoft Visual Studio Solution File, Format Version 12.00
# Visual Studio Version 16
VisualStudioVersion = 16.0.33423.256
MinimumVisualStudioVersion = 10.0.40219.1
Project("{FAE04EC0-301F-11D3-BF4B-00C04F79EFBC}") = "SignInwithLink", "SignInwithLink\SignInwithLink.csproj", "{3AA917AC-1EE5-4579-B46D-8EB4B613D519}"
EndProject
Global
	GlobalSection(SolutionConfigurationPlatforms) = preSolution
		Debug|Any CPU = Debug|Any CPU
		Release|Any CPU = Release|Any CPU
	EndGlobalSection
	GlobalSection(ProjectConfigurationPlatforms) = postSolution
		{3AA917AC-1EE5-4579-B46D-8EB4B613D519}.Debug|Any CPU.ActiveCfg = Debug|Any CPU
		{3AA917AC-1EE5-4579-B46D-8EB4B613D519}.Debug|Any CPU.Build.0 = Debug|Any CPU
		{3AA917AC-1EE5-4579-B46D-8EB4B613D519}.Release|Any CPU.ActiveCfg = Release|Any CPU
		{3AA917AC-1EE5-4579-B46D-8EB4B613D519}.Release|Any CPU.Build.0 = Release|Any CPU
	EndGlobalSection
	GlobalSection(SolutionProperties) = preSolution
		HideSolutionNode = FALSE
	EndGlobalSection
	GlobalSection(ExtensibilityGlobals) = postSolution
		SolutionGuid = {097089EF-CD48-43D6-9AC7-C8153AA264E3}
	EndGlobalSection
EndGlobal
